
Microsoft Visual Studio Solution File, Format Version 10.00
# Visual Studio 2008
Project("{8BC9CEB8-8B4A-11D0-8D11-00A0C91BC942}") = "WatsDangleTest", "WatsDangleTest.vcproj", "{1CC74D31-9607-4019-81D9-91958F9B5E49}"
EndProject
Global
	GlobalSection(SolutionConfigurationPlatforms) = preSolution
		Debug|Win32 = Debug|Win32
		Release|Win32 = Release|Win32
	EndGlobalSection
	GlobalSection(ProjectConfigurationPlatforms) = postSolution
		{1CC74D31-9607-4019-81D9-91958F9B5E49}.Debug|Win32.ActiveCfg = Debug|Win32
		{1CC74D31-9607-4019-81D9-91958F9B5E49}.Debug|Win32.Build.0 = Debug|Win32
		{1CC74D31-9607-4019-81D9-91958F9B5E49}.Release|Win32.ActiveCfg = Release|Win32
		{1CC74D31-9607-4019-81D9-91958F9B5E49}.Release|Win32.Build.0 = Release|Win32
	EndGlobalSection
	GlobalSection(SolutionProperties) = preSolution
		HideSolutionNode = FALSE
	EndGlobalSection
EndGlobal
